
Microsoft Visual Studio Solution File, Format Version 12.00
# Visual Studio Version 16
VisualStudioVersion = 16.0.29424.173
MinimumVisualStudioVersion = 10.0.40219.1
Project("{FAE04EC0-301F-11D3-BF4B-00C04F79EFBC}") = "ParsecIntegrationClient", "ParsecIntegrationClient.csproj", "{063C5A58-A382-4260-A3BA-41F2A3C81CBB}"
EndProject
Project("{FAE04EC0-301F-11D3-BF4B-00C04F79EFBC}") = "ConsoleApp2", "..\ConsoleApp2\ConsoleApp2.csproj", "{8A6B589E-6BCE-4781-B6B8-3597F10BB0C1}"
EndProject
Project("{FAE04EC0-301F-11D3-BF4B-00C04F79EFBC}") = "StructFromXML", "StructFromXML\StructFromXML.csproj", "{FF461293-0D73-4B48-BAAB-B355604A7997}"
EndProject
Project("{FAE04EC0-301F-11D3-BF4B-00C04F79EFBC}") = "OrgUnitParsec", "OrgUnitParsec\OrgUnitParsec.csproj", "{E05B9967-C341-4CEA-B92F-4972B86816BF}"
EndProject
Global
	GlobalSection(SolutionConfigurationPlatforms) = preSolution
		Debug|Any CPU = Debug|Any CPU
		Release|Any CPU = Release|Any CPU
	EndGlobalSection
	GlobalSection(ProjectConfigurationPlatforms) = postSolution
		{063C5A58-A382-4260-A3BA-41F2A3C81CBB}.Debug|Any CPU.ActiveCfg = Debug|Any CPU
		{063C5A58-A382-4260-A3BA-41F2A3C81CBB}.Debug|Any CPU.Build.0 = Debug|Any CPU
		{063C5A58-A382-4260-A3BA-41F2A3C81CBB}.Release|Any CPU.ActiveCfg = Release|Any CPU
		{063C5A58-A382-4260-A3BA-41F2A3C81CBB}.Release|Any CPU.Build.0 = Release|Any CPU
		{8A6B589E-6BCE-4781-B6B8-3597F10BB0C1}.Debug|Any CPU.ActiveCfg = Debug|Any CPU
		{8A6B589E-6BCE-4781-B6B8-3597F10BB0C1}.Debug|Any CPU.Build.0 = Debug|Any CPU
		{8A6B589E-6BCE-4781-B6B8-3597F10BB0C1}.Release|Any CPU.ActiveCfg = Release|Any CPU
		{8A6B589E-6BCE-4781-B6B8-3597F10BB0C1}.Release|Any CPU.Build.0 = Release|Any CPU
		{FF461293-0D73-4B48-BAAB-B355604A7997}.Debug|Any CPU.ActiveCfg = Debug|Any CPU
		{FF461293-0D73-4B48-BAAB-B355604A7997}.Debug|Any CPU.Build.0 = Debug|Any CPU
		{FF461293-0D73-4B48-BAAB-B355604A7997}.Release|Any CPU.ActiveCfg = Release|Any CPU
		{FF461293-0D73-4B48-BAAB-B355604A7997}.Release|Any CPU.Build.0 = Release|Any CPU
		{E05B9967-C341-4CEA-B92F-4972B86816BF}.Debug|Any CPU.ActiveCfg = Debug|Any CPU
		{E05B9967-C341-4CEA-B92F-4972B86816BF}.Debug|Any CPU.Build.0 = Debug|Any CPU
		{E05B9967-C341-4CEA-B92F-4972B86816BF}.Release|Any CPU.ActiveCfg = Release|Any CPU
		{E05B9967-C341-4CEA-B92F-4972B86816BF}.Release|Any CPU.Build.0 = Release|Any CPU
	EndGlobalSection
	GlobalSection(SolutionProperties) = preSolution
		HideSolutionNode = FALSE
	EndGlobalSection
	GlobalSection(ExtensibilityGlobals) = postSolution
		SolutionGuid = {66A0239E-11C4-433A-8CE9-5FC02217035B}
	EndGlobalSection
EndGlobal
